// !$*UTF8*$!
{
	archiveVersion = 1;
	classes = {
	};
	objectVersion = 50;
	objects = {

/* Begin PBXBuildFile section */
		4069179E244B80F10027E11F /* AppDelegate.swift in Sources */ = {isa = PBXBuildFile; fileRef = 4069179D244B80F10027E11F /* AppDelegate.swift */; };
		406917A0244B80F10027E11F /* SceneDelegate.swift in Sources */ = {isa = PBXBuildFile; fileRef = 4069179F244B80F10027E11F /* SceneDelegate.swift */; };
		406917A2244B80F10027E11F /* ViewController.swift in Sources */ = {isa = PBXBuildFile; fileRef = 406917A1244B80F10027E11F /* ViewController.swift */; };
		406917A5244B80F10027E11F /* Main.storyboard in Resources */ = {isa = PBXBuildFile; fileRef = 406917A3244B80F10027E11F /* Main.storyboard */; };
		406917A7244B80F20027E11F /* Assets.xcassets in Resources */ = {isa = PBXBuildFile; fileRef = 406917A6244B80F20027E11F /* Assets.xcassets */; };
		406917AA244B80F20027E11F /* LaunchScreen.storyboard in Resources */ = {isa = PBXBuildFile; fileRef = 406917A8244B80F20027E11F /* LaunchScreen.storyboard */; };
		406917B4244BD76B0027E11F /* ViewControllerComoJugar.swift in Sources */ = {isa = PBXBuildFile; fileRef = 406917B3244BD76B0027E11F /* ViewControllerComoJugar.swift */; };
		705BA6CC248C8D230071F994 /* CreditsViewController.swift in Sources */ = {isa = PBXBuildFile; fileRef = 705BA6CB248C8D230071F994 /* CreditsViewController.swift */; };
		70B59FC7244E7515004B29EB /* GameModeViewController.swift in Sources */ = {isa = PBXBuildFile; fileRef = 70B59FC6244E7515004B29EB /* GameModeViewController.swift */; };
		70F634B42468D27C00AF7B8B /* ScoreViewController.swift in Sources */ = {isa = PBXBuildFile; fileRef = 70F634B32468D27C00AF7B8B /* ScoreViewController.swift */; };
		D84E8C08244CFFB8008A1C86 /* SettingsViewController.swift in Sources */ = {isa = PBXBuildFile; fileRef = D84E8C07244CFFB8008A1C86 /* SettingsViewController.swift */; };
		D84E8C0A244CFFCB008A1C86 /* db.plist in Resources */ = {isa = PBXBuildFile; fileRef = D84E8C09244CFFCB008A1C86 /* db.plist */; };
/* End PBXBuildFile section */

/* Begin PBXFileReference section */
		4069179A244B80F10027E11F /* Mayusculas.app */ = {isa = PBXFileReference; explicitFileType = wrapper.application; includeInIndex = 0; path = Mayusculas.app; sourceTree = BUILT_PRODUCTS_DIR; };
		4069179D244B80F10027E11F /* AppDelegate.swift */ = {isa = PBXFileReference; lastKnownFileType = sourcecode.swift; path = AppDelegate.swift; sourceTree = "<group>"; };
		4069179F244B80F10027E11F /* SceneDelegate.swift */ = {isa = PBXFileReference; lastKnownFileType = sourcecode.swift; path = SceneDelegate.swift; sourceTree = "<group>"; };
		406917A1244B80F10027E11F /* ViewController.swift */ = {isa = PBXFileReference; lastKnownFileType = sourcecode.swift; path = ViewController.swift; sourceTree = "<group>"; };
		406917A4244B80F10027E11F /* Base */ = {isa = PBXFileReference; lastKnownFileType = file.storyboard; name = Base; path = Base.lproj/Main.storyboard; sourceTree = "<group>"; };
		406917A6244B80F20027E11F /* Assets.xcassets */ = {isa = PBXFileReference; lastKnownFileType = folder.assetcatalog; path = Assets.xcassets; sourceTree = "<group>"; };
		406917A9244B80F20027E11F /* Base */ = {isa = PBXFileReference; lastKnownFileType = file.storyboard; name = Base; path = Base.lproj/LaunchScreen.storyboard; sourceTree = "<group>"; };
		406917AB244B80F20027E11F /* Info.plist */ = {isa = PBXFileReference; lastKnownFileType = text.plist.xml; path = Info.plist; sourceTree = "<group>"; };
		406917B3244BD76B0027E11F /* ViewControllerComoJugar.swift */ = {isa = PBXFileReference; lastKnownFileType = sourcecode.swift; path = ViewControllerComoJugar.swift; sourceTree = "<group>"; };
		705BA6CB248C8D230071F994 /* CreditsViewController.swift */ = {isa = PBXFileReference; fileEncoding = 4; lastKnownFileType = sourcecode.swift; path = CreditsViewController.swift; sourceTree = "<group>"; };
		70B59FC6244E7515004B29EB /* GameModeViewController.swift */ = {isa = PBXFileReference; fileEncoding = 4; lastKnownFileType = sourcecode.swift; path = GameModeViewController.swift; sourceTree = "<group>"; };
		70F634B32468D27C00AF7B8B /* ScoreViewController.swift */ = {isa = PBXFileReference; fileEncoding = 4; lastKnownFileType = sourcecode.swift; path = ScoreViewController.swift; sourceTree = "<group>"; };
		D84E8C07244CFFB8008A1C86 /* SettingsViewController.swift */ = {isa = PBXFileReference; lastKnownFileType = sourcecode.swift; path = SettingsViewController.swift; sourceTree = "<group>"; };
		D84E8C09244CFFCB008A1C86 /* db.plist */ = {isa = PBXFileReference; fileEncoding = 4; lastKnownFileType = text.plist.xml; path = db.plist; sourceTree = "<group>"; };
/* End PBXFileReference section */

/* Begin PBXFrameworksBuildPhase section */
		40691797244B80F10027E11F /* Frameworks */ = {
			isa = PBXFrameworksBuildPhase;
			buildActionMask = 2147483647;
			files = (
			);
			runOnlyForDeploymentPostprocessing = 0;
		};
/* End PBXFrameworksBuildPhase section */

/* Begin PBXGroup section */
		40691791244B80F10027E11F = {
			isa = PBXGroup;
			children = (
				4069179C244B80F10027E11F /* Mayusculas */,
				4069179B244B80F10027E11F /* Products */,
			);
			sourceTree = "<group>";
		};
		4069179B244B80F10027E11F /* Products */ = {
			isa = PBXGroup;
			children = (
				4069179A244B80F10027E11F /* Mayusculas.app */,
			);
			name = Products;
			sourceTree = "<group>";
		};
		4069179C244B80F10027E11F /* Mayusculas */ = {
			isa = PBXGroup;
			children = (
				4069179D244B80F10027E11F /* AppDelegate.swift */,
				4069179F244B80F10027E11F /* SceneDelegate.swift */,
				406917A1244B80F10027E11F /* ViewController.swift */,
				406917A3244B80F10027E11F /* Main.storyboard */,
				D84E8C07244CFFB8008A1C86 /* SettingsViewController.swift */,
				705BA6CB248C8D230071F994 /* CreditsViewController.swift */,
				406917A6244B80F20027E11F /* Assets.xcassets */,
				406917A8244B80F20027E11F /* LaunchScreen.storyboard */,
				406917AB244B80F20027E11F /* Info.plist */,
				D84E8C09244CFFCB008A1C86 /* db.plist */,
				70B59FC6244E7515004B29EB /* GameModeViewController.swift */,
				406917B3244BD76B0027E11F /* ViewControllerComoJugar.swift */,
				70F634B32468D27C00AF7B8B /* ScoreViewController.swift */,
			);
			path = Mayusculas;
			sourceTree = "<group>";
		};
/* End PBXGroup section */

/* Begin PBXNativeTarget section */
		40691799244B80F10027E11F /* Mayusculas */ = {
			isa = PBXNativeTarget;
			buildConfigurationList = 406917AE244B80F20027E11F /* Build configuration list for PBXNativeTarget "Mayusculas" */;
			buildPhases = (
				40691796244B80F10027E11F /* Sources */,
				40691797244B80F10027E11F /* Frameworks */,
				40691798244B80F10027E11F /* Resources */,
			);
			buildRules = (
			);
			dependencies = (
			);
			name = Mayusculas;
			productName = Mayusculas;
			productReference = 4069179A244B80F10027E11F /* Mayusculas.app */;
			productType = "com.apple.product-type.application";
		};
/* End PBXNativeTarget section */

/* Begin PBXProject section */
		40691792244B80F10027E11F /* Project object */ = {
			isa = PBXProject;
			attributes = {
				LastSwiftUpdateCheck = 1130;
				LastUpgradeCheck = 1130;
				ORGANIZATIONNAME = "Paulina González Dávalos";
				TargetAttributes = {
					40691799244B80F10027E11F = {
						CreatedOnToolsVersion = 11.3;
					};
				};
			};
			buildConfigurationList = 40691795244B80F10027E11F /* Build configuration list for PBXProject "Mayusculas" */;
			compatibilityVersion = "Xcode 9.3";
			developmentRegion = en;
			hasScannedForEncodings = 0;
			knownRegions = (
				en,
				Base,
			);
			mainGroup = 40691791244B80F10027E11F;
			productRefGroup = 4069179B244B80F10027E11F /* Products */;
			projectDirPath = "";
			projectRoot = "";
			targets = (
				40691799244B80F10027E11F /* Mayusculas */,
			);
		};
/* End PBXProject section */

/* Begin PBXResourcesBuildPhase section */
		40691798244B80F10027E11F /* Resources */ = {
			isa = PBXResourcesBuildPhase;
			buildActionMask = 2147483647;
			files = (
				D84E8C0A244CFFCB008A1C86 /* db.plist in Resources */,
				406917AA244B80F20027E11F /* LaunchScreen.storyboard in Resources */,
				406917A7244B80F20027E11F /* Assets.xcassets in Resources */,
				406917A5244B80F10027E11F /* Main.storyboard in Resources */,
			);
			runOnlyForDeploymentPostprocessing = 0;
		};
/* End PBXResourcesBuildPhase section */

/* Begin PBXSourcesBuildPhase section */
		40691796244B80F10027E11F /* Sources */ = {
			isa = PBXSourcesBuildPhase;
			buildActionMask = 2147483647;
			files = (
				70F634B42468D27C00AF7B8B /* ScoreViewController.swift in Sources */,
				406917A2244B80F10027E11F /* ViewController.swift in Sources */,
				70B59FC7244E7515004B29EB /* GameModeViewController.swift in Sources */,
				705BA6CC248C8D230071F994 /* CreditsViewController.swift in Sources */,
				4069179E244B80F10027E11F /* AppDelegate.swift in Sources */,
				406917B4244BD76B0027E11F /* ViewControllerComoJugar.swift in Sources */,
				D84E8C08244CFFB8008A1C86 /* SettingsViewController.swift in Sources */,
				406917A0244B80F10027E11F /* SceneDelegate.swift in Sources */,
			);
			runOnlyForDeploymentPostprocessing = 0;
		};
/* End PBXSourcesBuildPhase section */

/* Begin PBXVariantGroup section */
		406917A3244B80F10027E11F /* Main.storyboard */ = {
			isa = PBXVariantGroup;
			children = (
				406917A4244B80F10027E11F /* Base */,
			);
			name = Main.storyboard;
			sourceTree = "<group>";
		};
		406917A8244B80F20027E11F /* LaunchScreen.storyboard */ = {
			isa = PBXVariantGroup;
			children = (
				406917A9244B80F20027E11F /* Base */,
			);
			name = LaunchScreen.storyboard;
			sourceTree = "<group>";
		};
/* End PBXVariantGroup section */

/* Begin XCBuildConfiguration section */
		406917AC244B80F20027E11F /* Debug */ = {
			isa = XCBuildConfiguration;
			buildSettings = {
				ALWAYS_SEARCH_USER_PATHS = NO;
				CLANG_ANALYZER_NONNULL = YES;
				CLANG_ANALYZER_NUMBER_OBJECT_CONVERSION = YES_AGGRESSIVE;
				CLANG_CXX_LANGUAGE_STANDARD = "gnu++14";
				CLANG_CXX_LIBRARY = "libc++";
				CLANG_ENABLE_MODULES = YES;
				CLANG_ENABLE_OBJC_ARC = YES;
				CLANG_ENABLE_OBJC_WEAK = YES;
				CLANG_WARN_BLOCK_CAPTURE_AUTORELEASING = YES;
				CLANG_WARN_BOOL_CONVERSION = YES;
				CLANG_WARN_COMMA = YES;
				CLANG_WARN_CONSTANT_CONVERSION = YES;
				CLANG_WARN_DEPRECATED_OBJC_IMPLEMENTATIONS = YES;
				CLANG_WARN_DIRECT_OBJC_ISA_USAGE = YES_ERROR;
				CLANG_WARN_DOCUMENTATION_COMMENTS = YES;
				CLANG_WARN_EMPTY_BODY = YES;
				CLANG_WARN_ENUM_CONVERSION = YES;
				CLANG_WARN_INFINITE_RECURSION = YES;
				CLANG_WARN_INT_CONVERSION = YES;
				CLANG_WARN_NON_LITERAL_NULL_CONVERSION = YES;
				CLANG_WARN_OBJC_IMPLICIT_RETAIN_SELF = YES;
				CLANG_WARN_OBJC_LITERAL_CONVERSION = YES;
				CLANG_WARN_OBJC_ROOT_CLASS = YES_ERROR;
				CLANG_WARN_RANGE_LOOP_ANALYSIS = YES;
				CLANG_WARN_STRICT_PROTOTYPES = YES;
				CLANG_WARN_SUSPICIOUS_MOVE = YES;
				CLANG_WARN_UNGUARDED_AVAILABILITY = YES_AGGRESSIVE;
				CLANG_WARN_UNREACHABLE_CODE = YES;
				CLANG_WARN__DUPLICATE_METHOD_MATCH = YES;
				COPY_PHASE_STRIP = NO;
				DEBUG_INFORMATION_FORMAT = dwarf;
				ENABLE_STRICT_OBJC_MSGSEND = YES;
				ENABLE_TESTABILITY = YES;
				GCC_C_LANGUAGE_STANDARD = gnu11;
				GCC_DYNAMIC_NO_PIC = NO;
				GCC_NO_COMMON_BLOCKS = YES;
				GCC_OPTIMIZATION_LEVEL = 0;
				GCC_PREPROCESSOR_DEFINITIONS = (
					"DEBUG=1",
					"$(inherited)",
				);
				GCC_WARN_64_TO_32_BIT_CONVERSION = YES;
				GCC_WARN_ABOUT_RETURN_TYPE = YES_ERROR;
				GCC_WARN_UNDECLARED_SELECTOR = YES;
				GCC_WARN_UNINITIALIZED_AUTOS = YES_AGGRESSIVE;
				GCC_WARN_UNUSED_FUNCTION = YES;
				GCC_WARN_UNUSED_VARIABLE = YES;
				IPHONEOS_DEPLOYMENT_TARGET = 13.2;
				MTL_ENABLE_DEBUG_INFO = INCLUDE_SOURCE;
				MTL_FAST_MATH = YES;
				ONLY_ACTIVE_ARCH = YES;
				SDKROOT = iphoneos;
				SWIFT_ACTIVE_COMPILATION_CONDITIONS = DEBUG;
				SWIFT_OPTIMIZATION_LEVEL = "-Onone";
			};
			name = Debug;
		};
		406917AD244B80F20027E11F /* Release */ = {
			isa = XCBuildConfiguration;
			buildSettings = {
				ALWAYS_SEARCH_USER_PATHS = NO;
				CLANG_ANALYZER_NONNULL = YES;
				CLANG_ANALYZER_NUMBER_OBJECT_CONVERSION = YES_AGGRESSIVE;
				CLANG_CXX_LANGUAGE_STANDARD = "gnu++14";
				CLANG_CXX_LIBRARY = "libc++";
				CLANG_ENABLE_MODULES = YES;
				CLANG_ENABLE_OBJC_ARC = YES;
				CLANG_ENABLE_OBJC_WEAK = YES;
				CLANG_WARN_BLOCK_CAPTURE_AUTORELEASING = YES;
				CLANG_WARN_BOOL_CONVERSION = YES;
				CLANG_WARN_COMMA = YES;
				CLANG_WARN_CONSTANT_CONVERSION = YES;
				CLANG_WARN_DEPRECATED_OBJC_IMPLEMENTATIONS = YES;
				CLANG_WARN_DIRECT_OBJC_ISA_USAGE = YES_ERROR;
				CLANG_WARN_DOCUMENTATION_COMMENTS = YES;
				CLANG_WARN_EMPTY_BODY = YES;
				CLANG_WARN_ENUM_CONVERSION = YES;
				CLANG_WARN_INFINITE_RECURSION = YES;
				CLANG_WARN_INT_CONVERSION = YES;
				CLANG_WARN_NON_LITERAL_NULL_CONVERSION = YES;
				CLANG_WARN_OBJC_IMPLICIT_RETAIN_SELF = YES;
				CLANG_WARN_OBJC_LITERAL_CONVERSION = YES;
				CLANG_WARN_OBJC_ROOT_CLASS = YES_ERROR;
				CLANG_WARN_RANGE_LOOP_ANALYSIS = YES;
				CLANG_WARN_STRICT_PROTOTYPES = YES;
				CLANG_WARN_SUSPICIOUS_MOVE = YES;
				CLANG_WARN_UNGUARDED_AVAILABILITY = YES_AGGRESSIVE;
				CLANG_WARN_UNREACHABLE_CODE = YES;
				CLANG_WARN__DUPLICATE_METHOD_MATCH = YES;
				COPY_PHASE_STRIP = NO;
				DEBUG_INFORMATION_FORMAT = "dwarf-with-dsym";
				ENABLE_NS_ASSERTIONS = NO;
				ENABLE_STRICT_OBJC_MSGSEND = YES;
				GCC_C_LANGUAGE_STANDARD = gnu11;
				GCC_NO_COMMON_BLOCKS = YES;
				GCC_WARN_64_TO_32_BIT_CONVERSION = YES;
				GCC_WARN_ABOUT_RETURN_TYPE = YES_ERROR;
				GCC_WARN_UNDECLARED_SELECTOR = YES;
				GCC_WARN_UNINITIALIZED_AUTOS = YES_AGGRESSIVE;
				GCC_WARN_UNUSED_FUNCTION = YES;
				GCC_WARN_UNUSED_VARIABLE = YES;
				IPHONEOS_DEPLOYMENT_TARGET = 13.2;
				MTL_ENABLE_DEBUG_INFO = NO;
				MTL_FAST_MATH = YES;
				SDKROOT = iphoneos;
				SWIFT_COMPILATION_MODE = wholemodule;
				SWIFT_OPTIMIZATION_LEVEL = "-O";
				VALIDATE_PRODUCT = YES;
			};
			name = Release;
		};
		406917AF244B80F20027E11F /* Debug */ = {
			isa = XCBuildConfiguration;
			buildSettings = {
				ASSETCATALOG_COMPILER_APPICON_NAME = AppIcon;
				CODE_SIGN_STYLE = Automatic;
				DEVELOPMENT_TEAM = 8J68UQ8LKM;
				INFOPLIST_FILE = Mayusculas/Info.plist;
				LD_RUNPATH_SEARCH_PATHS = (
					"$(inherited)",
					"@executable_path/Frameworks",
				);
				PRODUCT_BUNDLE_IDENTIFIER = pruebaiPhoneIsa;
				PRODUCT_NAME = "$(TARGET_NAME)";
				SWIFT_VERSION = 5.0;
				TARGETED_DEVICE_FAMILY = "1,2";
			};
			name = Debug;
		};
		406917B0244B80F20027E11F /* Release */ = {
			isa = XCBuildConfiguration;
			buildSettings = {
				ASSETCATALOG_COMPILER_APPICON_NAME = AppIcon;
				CODE_SIGN_STYLE = Automatic;
				DEVELOPMENT_TEAM = 8J68UQ8LKM;
				INFOPLIST_FILE = Mayusculas/Info.plist;
				LD_RUNPATH_SEARCH_PATHS = (
					"$(inherited)",
					"@executable_path/Frameworks",
				);
				PRODUCT_BUNDLE_IDENTIFIER = pruebaiPhoneIsa;
				PRODUCT_NAME = "$(TARGET_NAME)";
				SWIFT_VERSION = 5.0;
				TARGETED_DEVICE_FAMILY = "1,2";
			};
			name = Release;
		};
/* End XCBuildConfiguration section */

/* Begin XCConfigurationList section */
		40691795244B80F10027E11F /* Build configuration list for PBXProject "Mayusculas" */ = {
			isa = XCConfigurationList;
			buildConfigurations = (
				406917AC244B80F20027E11F /* Debug */,
				406917AD244B80F20027E11F /* Release */,
			);
			defaultConfigurationIsVisible = 0;
			defaultConfigurationName = Release;
		};
		406917AE244B80F20027E11F /* Build configuration list for PBXNativeTarget "Mayusculas" */ = {
			isa = XCConfigurationList;
			buildConfigurations = (
				406917AF244B80F20027E11F /* Debug */,
				406917B0244B80F20027E11F /* Release */,
			);
			defaultConfigurationIsVisible = 0;
			defaultConfigurationName = Release;
		};
/* End XCConfigurationList section */
	};
	rootObject = 40691792244B80F10027E11F /* Project object */;
}
